
Microsoft Visual Studio Solution File, Format Version 12.00
# Visual Studio Version 17
VisualStudioVersion = 17.14.36310.24 d17.14
MinimumVisualStudioVersion = 10.0.40219.1
Project("{FAE04EC0-301F-11D3-BF4B-00C04F79EFBC}") = "9)acitivity Course Planner with Prerequisites", "9)acitivity Course Planner with Prerequisites.csproj", "{8E7438D5-DE79-43EE-AA80-3217D3008417}"
EndProject
Global
	GlobalSection(SolutionConfigurationPlatforms) = preSolution
		Debug|Any CPU = Debug|Any CPU
		Release|Any CPU = Release|Any CPU
	EndGlobalSection
	GlobalSection(ProjectConfigurationPlatforms) = postSolution
		{8E7438D5-DE79-43EE-AA80-3217D3008417}.Debug|Any CPU.ActiveCfg = Debug|Any CPU
		{8E7438D5-DE79-43EE-AA80-3217D3008417}.Debug|Any CPU.Build.0 = Debug|Any CPU
		{8E7438D5-DE79-43EE-AA80-3217D3008417}.Release|Any CPU.ActiveCfg = Release|Any CPU
		{8E7438D5-DE79-43EE-AA80-3217D3008417}.Release|Any CPU.Build.0 = Release|Any CPU
	EndGlobalSection
	GlobalSection(SolutionProperties) = preSolution
		HideSolutionNode = FALSE
	EndGlobalSection
	GlobalSection(ExtensibilityGlobals) = postSolution
		SolutionGuid = {3DA915C9-8494-435A-A389-0B4CDAAAABF9}
	EndGlobalSection
EndGlobal
